// !$*UTF8*$!
{
	archiveVersion = 1;
	classes = {
	};
	objectVersion = 50;
	objects = {

/* Begin PBXBuildFile section */
		2A57B1F924CB6A67003FF37F /* AppDelegate.swift in Sources */ = {isa = PBXBuildFile; fileRef = 2A57B1F824CB6A67003FF37F /* AppDelegate.swift */; };
		2A57B1FB24CB6A67003FF37F /* SceneDelegate.swift in Sources */ = {isa = PBXBuildFile; fileRef = 2A57B1FA24CB6A67003FF37F /* SceneDelegate.swift */; };
		2A57B1FD24CB6A67003FF37F /* ContentView.swift in Sources */ = {isa = PBXBuildFile; fileRef = 2A57B1FC24CB6A67003FF37F /* ContentView.swift */; };
		2A57B1FF24CB6A67003FF37F /* Assets.xcassets in Resources */ = {isa = PBXBuildFile; fileRef = 2A57B1FE24CB6A67003FF37F /* Assets.xcassets */; };
		2A57B20224CB6A67003FF37F /* Preview Assets.xcassets in Resources */ = {isa = PBXBuildFile; fileRef = 2A57B20124CB6A67003FF37F /* Preview Assets.xcassets */; };
		2A57B20524CB6A67003FF37F /* LaunchScreen.storyboard in Resources */ = {isa = PBXBuildFile; fileRef = 2A57B20324CB6A67003FF37F /* LaunchScreen.storyboard */; };
		2A92B83524CD80D70059AD3D /* Team_projects.swift in Sources */ = {isa = PBXBuildFile; fileRef = 2A92B83424CD80D70059AD3D /* Team_projects.swift */; };
		2A92B83924CD88930059AD3D /* Team_favProjects.swift in Sources */ = {isa = PBXBuildFile; fileRef = 2A92B83824CD88930059AD3D /* Team_favProjects.swift */; };
		2A92B83B24CD93ED0059AD3D /* Profile_content.swift in Sources */ = {isa = PBXBuildFile; fileRef = 2A92B83A24CD93ED0059AD3D /* Profile_content.swift */; };
		2ADE416C24CC775E008F144E /* ShowOptions.swift in Sources */ = {isa = PBXBuildFile; fileRef = 2ADE416B24CC775E008F144E /* ShowOptions.swift */; };
		2ADE416E24CC7CDE008F144E /* sortCards.swift in Sources */ = {isa = PBXBuildFile; fileRef = 2ADE416D24CC7CDE008F144E /* sortCards.swift */; };
		2AF54F0024CC3D0300F0E64B /* Team.swift in Sources */ = {isa = PBXBuildFile; fileRef = 2AF54EFF24CC3D0300F0E64B /* Team.swift */; };
		2AF54F0224CC3D3B00F0E64B /* Recent.swift in Sources */ = {isa = PBXBuildFile; fileRef = 2AF54F0124CC3D3B00F0E64B /* Recent.swift */; };
		2AF54F0424CC3D6900F0E64B /* Drafts.swift in Sources */ = {isa = PBXBuildFile; fileRef = 2AF54F0324CC3D6900F0E64B /* Drafts.swift */; };
		2AF54F0824CC3FB300F0E64B /* Profile.swift in Sources */ = {isa = PBXBuildFile; fileRef = 2AF54F0724CC3FB300F0E64B /* Profile.swift */; };
		2AF54F0A24CC421800F0E64B /* CardView.swift in Sources */ = {isa = PBXBuildFile; fileRef = 2AF54F0924CC421800F0E64B /* CardView.swift */; };
/* End PBXBuildFile section */

/* Begin PBXFileReference section */
		2A57B1F524CB6A67003FF37F /* Figma iOS App.app */ = {isa = PBXFileReference; explicitFileType = wrapper.application; includeInIndex = 0; path = "Figma iOS App.app"; sourceTree = BUILT_PRODUCTS_DIR; };
		2A57B1F824CB6A67003FF37F /* AppDelegate.swift */ = {isa = PBXFileReference; lastKnownFileType = sourcecode.swift; path = AppDelegate.swift; sourceTree = "<group>"; };
		2A57B1FA24CB6A67003FF37F /* SceneDelegate.swift */ = {isa = PBXFileReference; lastKnownFileType = sourcecode.swift; path = SceneDelegate.swift; sourceTree = "<group>"; };
		2A57B1FC24CB6A67003FF37F /* ContentView.swift */ = {isa = PBXFileReference; lastKnownFileType = sourcecode.swift; path = ContentView.swift; sourceTree = "<group>"; };
		2A57B1FE24CB6A67003FF37F /* Assets.xcassets */ = {isa = PBXFileReference; lastKnownFileType = folder.assetcatalog; path = Assets.xcassets; sourceTree = "<group>"; };
		2A57B20124CB6A67003FF37F /* Preview Assets.xcassets */ = {isa = PBXFileReference; lastKnownFileType = folder.assetcatalog; path = "Preview Assets.xcassets"; sourceTree = "<group>"; };
		2A57B20424CB6A67003FF37F /* Base */ = {isa = PBXFileReference; lastKnownFileType = file.storyboard; name = Base; path = Base.lproj/LaunchScreen.storyboard; sourceTree = "<group>"; };
		2A57B20624CB6A67003FF37F /* Info.plist */ = {isa = PBXFileReference; lastKnownFileType = text.plist.xml; path = Info.plist; sourceTree = "<group>"; };
		2A92B83424CD80D70059AD3D /* Team_projects.swift */ = {isa = PBXFileReference; lastKnownFileType = sourcecode.swift; path = Team_projects.swift; sourceTree = "<group>"; };
		2A92B83824CD88930059AD3D /* Team_favProjects.swift */ = {isa = PBXFileReference; lastKnownFileType = sourcecode.swift; path = Team_favProjects.swift; sourceTree = "<group>"; };
		2A92B83A24CD93ED0059AD3D /* Profile_content.swift */ = {isa = PBXFileReference; lastKnownFileType = sourcecode.swift; path = Profile_content.swift; sourceTree = "<group>"; };
		2ADE416B24CC775E008F144E /* ShowOptions.swift */ = {isa = PBXFileReference; lastKnownFileType = sourcecode.swift; path = ShowOptions.swift; sourceTree = "<group>"; };
		2ADE416D24CC7CDE008F144E /* sortCards.swift */ = {isa = PBXFileReference; lastKnownFileType = sourcecode.swift; path = sortCards.swift; sourceTree = "<group>"; };
		2AF54EFF24CC3D0300F0E64B /* Team.swift */ = {isa = PBXFileReference; lastKnownFileType = sourcecode.swift; path = Team.swift; sourceTree = "<group>"; };
		2AF54F0124CC3D3B00F0E64B /* Recent.swift */ = {isa = PBXFileReference; lastKnownFileType = sourcecode.swift; path = Recent.swift; sourceTree = "<group>"; };
		2AF54F0324CC3D6900F0E64B /* Drafts.swift */ = {isa = PBXFileReference; lastKnownFileType = sourcecode.swift; path = Drafts.swift; sourceTree = "<group>"; };
		2AF54F0724CC3FB300F0E64B /* Profile.swift */ = {isa = PBXFileReference; lastKnownFileType = sourcecode.swift; path = Profile.swift; sourceTree = "<group>"; };
		2AF54F0924CC421800F0E64B /* CardView.swift */ = {isa = PBXFileReference; lastKnownFileType = sourcecode.swift; path = CardView.swift; sourceTree = "<group>"; };
/* End PBXFileReference section */

/* Begin PBXFrameworksBuildPhase section */
		2A57B1F224CB6A66003FF37F /* Frameworks */ = {
			isa = PBXFrameworksBuildPhase;
			buildActionMask = 2147483647;
			files = (
			);
			runOnlyForDeploymentPostprocessing = 0;
		};
/* End PBXFrameworksBuildPhase section */

/* Begin PBXGroup section */
		2A57B1EC24CB6A66003FF37F = {
			isa = PBXGroup;
			children = (
				2A57B1F724CB6A67003FF37F /* Figma iOS App */,
				2A57B1F624CB6A67003FF37F /* Products */,
			);
			sourceTree = "<group>";
		};
		2A57B1F624CB6A67003FF37F /* Products */ = {
			isa = PBXGroup;
			children = (
				2A57B1F524CB6A67003FF37F /* Figma iOS App.app */,
			);
			name = Products;
			sourceTree = "<group>";
		};
		2A57B1F724CB6A67003FF37F /* Figma iOS App */ = {
			isa = PBXGroup;
			children = (
				2A57B1F824CB6A67003FF37F /* AppDelegate.swift */,
				2A57B1FA24CB6A67003FF37F /* SceneDelegate.swift */,
				2A57B1FC24CB6A67003FF37F /* ContentView.swift */,
				2AF54EFF24CC3D0300F0E64B /* Team.swift */,
				2A92B83424CD80D70059AD3D /* Team_projects.swift */,
				2A92B83824CD88930059AD3D /* Team_favProjects.swift */,
				2AF54F0124CC3D3B00F0E64B /* Recent.swift */,
				2AF54F0324CC3D6900F0E64B /* Drafts.swift */,
				2A92B83A24CD93ED0059AD3D /* Profile_content.swift */,
				2ADE416B24CC775E008F144E /* ShowOptions.swift */,
				2ADE416D24CC7CDE008F144E /* sortCards.swift */,
				2AF54F0724CC3FB300F0E64B /* Profile.swift */,
				2AF54F0924CC421800F0E64B /* CardView.swift */,
				2A57B1FE24CB6A67003FF37F /* Assets.xcassets */,
				2A57B20324CB6A67003FF37F /* LaunchScreen.storyboard */,
				2A57B20624CB6A67003FF37F /* Info.plist */,
				2A57B20024CB6A67003FF37F /* Preview Content */,
			);
			path = "Figma iOS App";
			sourceTree = "<group>";
		};
		2A57B20024CB6A67003FF37F /* Preview Content */ = {
			isa = PBXGroup;
			children = (
				2A57B20124CB6A67003FF37F /* Preview Assets.xcassets */,
			);
			path = "Preview Content";
			sourceTree = "<group>";
		};
/* End PBXGroup section */

/* Begin PBXNativeTarget section */
		2A57B1F424CB6A66003FF37F /* Figma iOS App */ = {
			isa = PBXNativeTarget;
			buildConfigurationList = 2A57B20924CB6A67003FF37F /* Build configuration list for PBXNativeTarget "Figma iOS App" */;
			buildPhases = (
				2A57B1F124CB6A66003FF37F /* Sources */,
				2A57B1F224CB6A66003FF37F /* Frameworks */,
				2A57B1F324CB6A66003FF37F /* Resources */,
			);
			buildRules = (
			);
			dependencies = (
			);
			name = "Figma iOS App";
			productName = "Figma iOS App";
			productReference = 2A57B1F524CB6A67003FF37F /* Figma iOS App.app */;
			productType = "com.apple.product-type.application";
		};
/* End PBXNativeTarget section */

/* Begin PBXProject section */
		2A57B1ED24CB6A66003FF37F /* Project object */ = {
			isa = PBXProject;
			attributes = {
				LastSwiftUpdateCheck = 1160;
				LastUpgradeCheck = 1160;
				ORGANIZATIONNAME = lonewolfkaz;
				TargetAttributes = {
					2A57B1F424CB6A66003FF37F = {
						CreatedOnToolsVersion = 11.6;
					};
				};
			};
			buildConfigurationList = 2A57B1F024CB6A66003FF37F /* Build configuration list for PBXProject "Figma iOS App" */;
			compatibilityVersion = "Xcode 9.3";
			developmentRegion = en;
			hasScannedForEncodings = 0;
			knownRegions = (
				en,
				Base,
			);
			mainGroup = 2A57B1EC24CB6A66003FF37F;
			productRefGroup = 2A57B1F624CB6A67003FF37F /* Products */;
			projectDirPath = "";
			projectRoot = "";
			targets = (
				2A57B1F424CB6A66003FF37F /* Figma iOS App */,
			);
		};
/* End PBXProject section */

/* Begin PBXResourcesBuildPhase section */
		2A57B1F324CB6A66003FF37F /* Resources */ = {
			isa = PBXResourcesBuildPhase;
			buildActionMask = 2147483647;
			files = (
				2A57B20524CB6A67003FF37F /* LaunchScreen.storyboard in Resources */,
				2A57B20224CB6A67003FF37F /* Preview Assets.xcassets in Resources */,
				2A57B1FF24CB6A67003FF37F /* Assets.xcassets in Resources */,
			);
			runOnlyForDeploymentPostprocessing = 0;
		};
/* End PBXResourcesBuildPhase section */

/* Begin PBXSourcesBuildPhase section */
		2A57B1F124CB6A66003FF37F /* Sources */ = {
			isa = PBXSourcesBuildPhase;
			buildActionMask = 2147483647;
			files = (
				2AF54F0024CC3D0300F0E64B /* Team.swift in Sources */,
				2A57B1F924CB6A67003FF37F /* AppDelegate.swift in Sources */,
				2A57B1FB24CB6A67003FF37F /* SceneDelegate.swift in Sources */,
				2ADE416E24CC7CDE008F144E /* sortCards.swift in Sources */,
				2A92B83B24CD93ED0059AD3D /* Profile_content.swift in Sources */,
				2AF54F0824CC3FB300F0E64B /* Profile.swift in Sources */,
				2ADE416C24CC775E008F144E /* ShowOptions.swift in Sources */,
				2A92B83924CD88930059AD3D /* Team_favProjects.swift in Sources */,
				2AF54F0224CC3D3B00F0E64B /* Recent.swift in Sources */,
				2A57B1FD24CB6A67003FF37F /* ContentView.swift in Sources */,
				2AF54F0A24CC421800F0E64B /* CardView.swift in Sources */,
				2A92B83524CD80D70059AD3D /* Team_projects.swift in Sources */,
				2AF54F0424CC3D6900F0E64B /* Drafts.swift in Sources */,
			);
			runOnlyForDeploymentPostprocessing = 0;
		};
/* End PBXSourcesBuildPhase section */

/* Begin PBXVariantGroup section */
		2A57B20324CB6A67003FF37F /* LaunchScreen.storyboard */ = {
			isa = PBXVariantGroup;
			children = (
				2A57B20424CB6A67003FF37F /* Base */,
			);
			name = LaunchScreen.storyboard;
			sourceTree = "<group>";
		};
/* End PBXVariantGroup section */

/* Begin XCBuildConfiguration section */
		2A57B20724CB6A67003FF37F /* Debug */ = {
			isa = XCBuildConfiguration;
			buildSettings = {
				ALWAYS_SEARCH_USER_PATHS = NO;
				CLANG_ANALYZER_NONNULL = YES;
				CLANG_ANALYZER_NUMBER_OBJECT_CONVERSION = YES_AGGRESSIVE;
				CLANG_CXX_LANGUAGE_STANDARD = "gnu++14";
				CLANG_CXX_LIBRARY = "libc++";
				CLANG_ENABLE_MODULES = YES;
				CLANG_ENABLE_OBJC_ARC = YES;
				CLANG_ENABLE_OBJC_WEAK = YES;
				CLANG_WARN_BLOCK_CAPTURE_AUTORELEASING = YES;
				CLANG_WARN_BOOL_CONVERSION = YES;
				CLANG_WARN_COMMA = YES;
				CLANG_WARN_CONSTANT_CONVERSION = YES;
				CLANG_WARN_DEPRECATED_OBJC_IMPLEMENTATIONS = YES;
				CLANG_WARN_DIRECT_OBJC_ISA_USAGE = YES_ERROR;
				CLANG_WARN_DOCUMENTATION_COMMENTS = YES;
				CLANG_WARN_EMPTY_BODY = YES;
				CLANG_WARN_ENUM_CONVERSION = YES;
				CLANG_WARN_INFINITE_RECURSION = YES;
				CLANG_WARN_INT_CONVERSION = YES;
				CLANG_WARN_NON_LITERAL_NULL_CONVERSION = YES;
				CLANG_WARN_OBJC_IMPLICIT_RETAIN_SELF = YES;
				CLANG_WARN_OBJC_LITERAL_CONVERSION = YES;
				CLANG_WARN_OBJC_ROOT_CLASS = YES_ERROR;
				CLANG_WARN_RANGE_LOOP_ANALYSIS = YES;
				CLANG_WARN_STRICT_PROTOTYPES = YES;
				CLANG_WARN_SUSPICIOUS_MOVE = YES;
				CLANG_WARN_UNGUARDED_AVAILABILITY = YES_AGGRESSIVE;
				CLANG_WARN_UNREACHABLE_CODE = YES;
				CLANG_WARN__DUPLICATE_METHOD_MATCH = YES;
				COPY_PHASE_STRIP = NO;
				DEBUG_INFORMATION_FORMAT = dwarf;
				ENABLE_STRICT_OBJC_MSGSEND = YES;
				ENABLE_TESTABILITY = YES;
				GCC_C_LANGUAGE_STANDARD = gnu11;
				GCC_DYNAMIC_NO_PIC = NO;
				GCC_NO_COMMON_BLOCKS = YES;
				GCC_OPTIMIZATION_LEVEL = 0;
				GCC_PREPROCESSOR_DEFINITIONS = (
					"DEBUG=1",
					"$(inherited)",
				);
				GCC_WARN_64_TO_32_BIT_CONVERSION = YES;
				GCC_WARN_ABOUT_RETURN_TYPE = YES_ERROR;
				GCC_WARN_UNDECLARED_SELECTOR = YES;
				GCC_WARN_UNINITIALIZED_AUTOS = YES_AGGRESSIVE;
				GCC_WARN_UNUSED_FUNCTION = YES;
				GCC_WARN_UNUSED_VARIABLE = YES;
				IPHONEOS_DEPLOYMENT_TARGET = 13.6;
				MTL_ENABLE_DEBUG_INFO = INCLUDE_SOURCE;
				MTL_FAST_MATH = YES;
				ONLY_ACTIVE_ARCH = YES;
				SDKROOT = iphoneos;
				SWIFT_ACTIVE_COMPILATION_CONDITIONS = DEBUG;
				SWIFT_OPTIMIZATION_LEVEL = "-Onone";
			};
			name = Debug;
		};
		2A57B20824CB6A67003FF37F /* Release */ = {
			isa = XCBuildConfiguration;
			buildSettings = {
				ALWAYS_SEARCH_USER_PATHS = NO;
				CLANG_ANALYZER_NONNULL = YES;
				CLANG_ANALYZER_NUMBER_OBJECT_CONVERSION = YES_AGGRESSIVE;
				CLANG_CXX_LANGUAGE_STANDARD = "gnu++14";
				CLANG_CXX_LIBRARY = "libc++";
				CLANG_ENABLE_MODULES = YES;
				CLANG_ENABLE_OBJC_ARC = YES;
				CLANG_ENABLE_OBJC_WEAK = YES;
				CLANG_WARN_BLOCK_CAPTURE_AUTORELEASING = YES;
				CLANG_WARN_BOOL_CONVERSION = YES;
				CLANG_WARN_COMMA = YES;
				CLANG_WARN_CONSTANT_CONVERSION = YES;
				CLANG_WARN_DEPRECATED_OBJC_IMPLEMENTATIONS = YES;
				CLANG_WARN_DIRECT_OBJC_ISA_USAGE = YES_ERROR;
				CLANG_WARN_DOCUMENTATION_COMMENTS = YES;
				CLANG_WARN_EMPTY_BODY = YES;
				CLANG_WARN_ENUM_CONVERSION = YES;
				CLANG_WARN_INFINITE_RECURSION = YES;
				CLANG_WARN_INT_CONVERSION = YES;
				CLANG_WARN_NON_LITERAL_NULL_CONVERSION = YES;
				CLANG_WARN_OBJC_IMPLICIT_RETAIN_SELF = YES;
				CLANG_WARN_OBJC_LITERAL_CONVERSION = YES;
				CLANG_WARN_OBJC_ROOT_CLASS = YES_ERROR;
				CLANG_WARN_RANGE_LOOP_ANALYSIS = YES;
				CLANG_WARN_STRICT_PROTOTYPES = YES;
				CLANG_WARN_SUSPICIOUS_MOVE = YES;
				CLANG_WARN_UNGUARDED_AVAILABILITY = YES_AGGRESSIVE;
				CLANG_WARN_UNREACHABLE_CODE = YES;
				CLANG_WARN__DUPLICATE_METHOD_MATCH = YES;
				COPY_PHASE_STRIP = NO;
				DEBUG_INFORMATION_FORMAT = "dwarf-with-dsym";
				ENABLE_NS_ASSERTIONS = NO;
				ENABLE_STRICT_OBJC_MSGSEND = YES;
				GCC_C_LANGUAGE_STANDARD = gnu11;
				GCC_NO_COMMON_BLOCKS = YES;
				GCC_WARN_64_TO_32_BIT_CONVERSION = YES;
				GCC_WARN_ABOUT_RETURN_TYPE = YES_ERROR;
				GCC_WARN_UNDECLARED_SELECTOR = YES;
				GCC_WARN_UNINITIALIZED_AUTOS = YES_AGGRESSIVE;
				GCC_WARN_UNUSED_FUNCTION = YES;
				GCC_WARN_UNUSED_VARIABLE = YES;
				IPHONEOS_DEPLOYMENT_TARGET = 13.6;
				MTL_ENABLE_DEBUG_INFO = NO;
				MTL_FAST_MATH = YES;
				SDKROOT = iphoneos;
				SWIFT_COMPILATION_MODE = wholemodule;
				SWIFT_OPTIMIZATION_LEVEL = "-O";
				VALIDATE_PRODUCT = YES;
			};
			name = Release;
		};
		2A57B20A24CB6A67003FF37F /* Debug */ = {
			isa = XCBuildConfiguration;
			buildSettings = {
				ASSETCATALOG_COMPILER_APPICON_NAME = AppIcon;
				CODE_SIGN_STYLE = Automatic;
				DEVELOPMENT_ASSET_PATHS = "\"Figma iOS App/Preview Content\"";
				ENABLE_PREVIEWS = YES;
				INFOPLIST_FILE = "Figma iOS App/Info.plist";
				LD_RUNPATH_SEARCH_PATHS = (
					"$(inherited)",
					"@executable_path/Frameworks",
				);
				PRODUCT_BUNDLE_IDENTIFIER = "lonewolfkaz.Figma-iOS-App";
				PRODUCT_NAME = "$(TARGET_NAME)";
				SWIFT_VERSION = 5.0;
				TARGETED_DEVICE_FAMILY = "1,2";
			};
			name = Debug;
		};
		2A57B20B24CB6A67003FF37F /* Release */ = {
			isa = XCBuildConfiguration;
			buildSettings = {
				ASSETCATALOG_COMPILER_APPICON_NAME = AppIcon;
				CODE_SIGN_STYLE = Automatic;
				DEVELOPMENT_ASSET_PATHS = "\"Figma iOS App/Preview Content\"";
				ENABLE_PREVIEWS = YES;
				INFOPLIST_FILE = "Figma iOS App/Info.plist";
				LD_RUNPATH_SEARCH_PATHS = (
					"$(inherited)",
					"@executable_path/Frameworks",
				);
				PRODUCT_BUNDLE_IDENTIFIER = "lonewolfkaz.Figma-iOS-App";
				PRODUCT_NAME = "$(TARGET_NAME)";
				SWIFT_VERSION = 5.0;
				TARGETED_DEVICE_FAMILY = "1,2";
			};
			name = Release;
		};
/* End XCBuildConfiguration section */

/* Begin XCConfigurationList section */
		2A57B1F024CB6A66003FF37F /* Build configuration list for PBXProject "Figma iOS App" */ = {
			isa = XCConfigurationList;
			buildConfigurations = (
				2A57B20724CB6A67003FF37F /* Debug */,
				2A57B20824CB6A67003FF37F /* Release */,
			);
			defaultConfigurationIsVisible = 0;
			defaultConfigurationName = Release;
		};
		2A57B20924CB6A67003FF37F /* Build configuration list for PBXNativeTarget "Figma iOS App" */ = {
			isa = XCConfigurationList;
			buildConfigurations = (
				2A57B20A24CB6A67003FF37F /* Debug */,
				2A57B20B24CB6A67003FF37F /* Release */,
			);
			defaultConfigurationIsVisible = 0;
			defaultConfigurationName = Release;
		};
/* End XCConfigurationList section */
	};
	rootObject = 2A57B1ED24CB6A66003FF37F /* Project object */;
}
